// !$*UTF8*$!
{
	archiveVersion = 1;
	classes = {
	};
	objectVersion = 56;
	objects = {

/* Begin PBXBuildFile section */
		D0E4F4E728A5FF3600B49FEF /* Animated_TabsApp.swift in Sources */ = {isa = PBXBuildFile; fileRef = D0E4F4E628A5FF3600B49FEF /* Animated_TabsApp.swift */; };
		D0E4F4E928A5FF3600B49FEF /* ContentView.swift in Sources */ = {isa = PBXBuildFile; fileRef = D0E4F4E828A5FF3600B49FEF /* ContentView.swift */; };
		D0E4F4EB28A5FF3700B49FEF /* Assets.xcassets in Resources */ = {isa = PBXBuildFile; fileRef = D0E4F4EA28A5FF3700B49FEF /* Assets.xcassets */; };
		D0E4F4EF28A5FF3700B49FEF /* Preview Assets.xcassets in Resources */ = {isa = PBXBuildFile; fileRef = D0E4F4EE28A5FF3700B49FEF /* Preview Assets.xcassets */; };
		D0E4F4F828A69F3600B49FEF /* Lottie in Frameworks */ = {isa = PBXBuildFile; productRef = D0E4F4F728A69F3600B49FEF /* Lottie */; };
		D0E4F4FE28A8B4FA00B49FEF /* Chat.json in Resources */ = {isa = PBXBuildFile; fileRef = D0E4F4F928A8B4FA00B49FEF /* Chat.json */; };
		D0E4F4FF28A8B4FA00B49FEF /* Account.json in Resources */ = {isa = PBXBuildFile; fileRef = D0E4F4FA28A8B4FA00B49FEF /* Account.json */; };
		D0E4F50028A8B4FA00B49FEF /* Notification.json in Resources */ = {isa = PBXBuildFile; fileRef = D0E4F4FB28A8B4FA00B49FEF /* Notification.json */; };
		D0E4F50128A8B4FA00B49FEF /* Saved.json in Resources */ = {isa = PBXBuildFile; fileRef = D0E4F4FC28A8B4FA00B49FEF /* Saved.json */; };
		D0E4F50228A8B4FA00B49FEF /* Home.json in Resources */ = {isa = PBXBuildFile; fileRef = D0E4F4FD28A8B4FA00B49FEF /* Home.json */; };
/* End PBXBuildFile section */

/* Begin PBXFileReference section */
		D0E4F4E328A5FF3600B49FEF /* Animated Tabs.app */ = {isa = PBXFileReference; explicitFileType = wrapper.application; includeInIndex = 0; path = "Animated Tabs.app"; sourceTree = BUILT_PRODUCTS_DIR; };
		D0E4F4E628A5FF3600B49FEF /* Animated_TabsApp.swift */ = {isa = PBXFileReference; lastKnownFileType = sourcecode.swift; path = Animated_TabsApp.swift; sourceTree = "<group>"; };
		D0E4F4E828A5FF3600B49FEF /* ContentView.swift */ = {isa = PBXFileReference; lastKnownFileType = sourcecode.swift; path = ContentView.swift; sourceTree = "<group>"; };
		D0E4F4EA28A5FF3700B49FEF /* Assets.xcassets */ = {isa = PBXFileReference; lastKnownFileType = folder.assetcatalog; path = Assets.xcassets; sourceTree = "<group>"; };
		D0E4F4EC28A5FF3700B49FEF /* Animated_Tabs.entitlements */ = {isa = PBXFileReference; lastKnownFileType = text.plist.entitlements; path = Animated_Tabs.entitlements; sourceTree = "<group>"; };
		D0E4F4EE28A5FF3700B49FEF /* Preview Assets.xcassets */ = {isa = PBXFileReference; lastKnownFileType = folder.assetcatalog; path = "Preview Assets.xcassets"; sourceTree = "<group>"; };
		D0E4F4F528A69EB700B49FEF /* Animated-Tabs-Info.plist */ = {isa = PBXFileReference; lastKnownFileType = text.plist; path = "Animated-Tabs-Info.plist"; sourceTree = SOURCE_ROOT; };
		D0E4F4F928A8B4FA00B49FEF /* Chat.json */ = {isa = PBXFileReference; lastKnownFileType = text.json; path = Chat.json; sourceTree = "<group>"; };
		D0E4F4FA28A8B4FA00B49FEF /* Account.json */ = {isa = PBXFileReference; lastKnownFileType = text.json; path = Account.json; sourceTree = "<group>"; };
		D0E4F4FB28A8B4FA00B49FEF /* Notification.json */ = {isa = PBXFileReference; lastKnownFileType = text.json; path = Notification.json; sourceTree = "<group>"; };
		D0E4F4FC28A8B4FA00B49FEF /* Saved.json */ = {isa = PBXFileReference; lastKnownFileType = text.json; path = Saved.json; sourceTree = "<group>"; };
		D0E4F4FD28A8B4FA00B49FEF /* Home.json */ = {isa = PBXFileReference; lastKnownFileType = text.json; path = Home.json; sourceTree = "<group>"; };
/* End PBXFileReference section */

/* Begin PBXFrameworksBuildPhase section */
		D0E4F4E028A5FF3600B49FEF /* Frameworks */ = {
			isa = PBXFrameworksBuildPhase;
			buildActionMask = 2147483647;
			files = (
				D0E4F4F828A69F3600B49FEF /* Lottie in Frameworks */,
			);
			runOnlyForDeploymentPostprocessing = 0;
		};
/* End PBXFrameworksBuildPhase section */

/* Begin PBXGroup section */
		D0E4F4DA28A5FF3600B49FEF = {
			isa = PBXGroup;
			children = (
				D0E4F50328A8B51C00B49FEF /* Tab Icons */,
				D0E4F4E528A5FF3600B49FEF /* Animated Tabs */,
				D0E4F4E428A5FF3600B49FEF /* Products */,
			);
			sourceTree = "<group>";
		};
		D0E4F4E428A5FF3600B49FEF /* Products */ = {
			isa = PBXGroup;
			children = (
				D0E4F4E328A5FF3600B49FEF /* Animated Tabs.app */,
			);
			name = Products;
			sourceTree = "<group>";
		};
		D0E4F4E528A5FF3600B49FEF /* Animated Tabs */ = {
			isa = PBXGroup;
			children = (
				D0E4F50628AB51B100B49FEF /* View */,
				D0E4F50528AB51AB00B49FEF /* ViewModel */,
				D0E4F50428AB51A600B49FEF /* Model */,
				D0E4F4F528A69EB700B49FEF /* Animated-Tabs-Info.plist */,
				D0E4F4E628A5FF3600B49FEF /* Animated_TabsApp.swift */,
				D0E4F4E828A5FF3600B49FEF /* ContentView.swift */,
				D0E4F4EA28A5FF3700B49FEF /* Assets.xcassets */,
				D0E4F4EC28A5FF3700B49FEF /* Animated_Tabs.entitlements */,
				D0E4F4ED28A5FF3700B49FEF /* Preview Content */,
			);
			path = "Animated Tabs";
			sourceTree = "<group>";
		};
		D0E4F4ED28A5FF3700B49FEF /* Preview Content */ = {
			isa = PBXGroup;
			children = (
				D0E4F4EE28A5FF3700B49FEF /* Preview Assets.xcassets */,
			);
			path = "Preview Content";
			sourceTree = "<group>";
		};
		D0E4F50328A8B51C00B49FEF /* Tab Icons */ = {
			isa = PBXGroup;
			children = (
				D0E4F4F928A8B4FA00B49FEF /* Chat.json */,
				D0E4F4FD28A8B4FA00B49FEF /* Home.json */,
				D0E4F4FB28A8B4FA00B49FEF /* Notification.json */,
				D0E4F4FC28A8B4FA00B49FEF /* Saved.json */,
				D0E4F4FA28A8B4FA00B49FEF /* Account.json */,
			);
			path = "Tab Icons";
			sourceTree = "<group>";
		};
		D0E4F50428AB51A600B49FEF /* Model */ = {
			isa = PBXGroup;
			children = (
			);
			path = Model;
			sourceTree = "<group>";
		};
		D0E4F50528AB51AB00B49FEF /* ViewModel */ = {
			isa = PBXGroup;
			children = (
			);
			path = ViewModel;
			sourceTree = "<group>";
		};
		D0E4F50628AB51B100B49FEF /* View */ = {
			isa = PBXGroup;
			children = (
			);
			path = View;
			sourceTree = "<group>";
		};
/* End PBXGroup section */

/* Begin PBXNativeTarget section */
		D0E4F4E228A5FF3600B49FEF /* Animated Tabs */ = {
			isa = PBXNativeTarget;
			buildConfigurationList = D0E4F4F228A5FF3700B49FEF /* Build configuration list for PBXNativeTarget "Animated Tabs" */;
			buildPhases = (
				D0E4F4DF28A5FF3600B49FEF /* Sources */,
				D0E4F4E028A5FF3600B49FEF /* Frameworks */,
				D0E4F4E128A5FF3600B49FEF /* Resources */,
			);
			buildRules = (
			);
			dependencies = (
			);
			name = "Animated Tabs";
			packageProductDependencies = (
				D0E4F4F728A69F3600B49FEF /* Lottie */,
			);
			productName = "Animated Tabs";
			productReference = D0E4F4E328A5FF3600B49FEF /* Animated Tabs.app */;
			productType = "com.apple.product-type.application";
		};
/* End PBXNativeTarget section */

/* Begin PBXProject section */
		D0E4F4DB28A5FF3600B49FEF /* Project object */ = {
			isa = PBXProject;
			attributes = {
				BuildIndependentTargetsInParallel = 1;
				LastSwiftUpdateCheck = 1400;
				LastUpgradeCheck = 1400;
				TargetAttributes = {
					D0E4F4E228A5FF3600B49FEF = {
						CreatedOnToolsVersion = 14.0;
					};
				};
			};
			buildConfigurationList = D0E4F4DE28A5FF3600B49FEF /* Build configuration list for PBXProject "Animated Tabs" */;
			compatibilityVersion = "Xcode 14.0";
			developmentRegion = en;
			hasScannedForEncodings = 0;
			knownRegions = (
				en,
				Base,
			);
			mainGroup = D0E4F4DA28A5FF3600B49FEF;
			packageReferences = (
				D0E4F4F628A69F3600B49FEF /* XCRemoteSwiftPackageReference "lottie-ios" */,
			);
			productRefGroup = D0E4F4E428A5FF3600B49FEF /* Products */;
			projectDirPath = "";
			projectRoot = "";
			targets = (
				D0E4F4E228A5FF3600B49FEF /* Animated Tabs */,
			);
		};
/* End PBXProject section */

/* Begin PBXResourcesBuildPhase section */
		D0E4F4E128A5FF3600B49FEF /* Resources */ = {
			isa = PBXResourcesBuildPhase;
			buildActionMask = 2147483647;
			files = (
				D0E4F4FE28A8B4FA00B49FEF /* Chat.json in Resources */,
				D0E4F4FF28A8B4FA00B49FEF /* Account.json in Resources */,
				D0E4F50028A8B4FA00B49FEF /* Notification.json in Resources */,
				D0E4F50128A8B4FA00B49FEF /* Saved.json in Resources */,
				D0E4F50228A8B4FA00B49FEF /* Home.json in Resources */,
				D0E4F4EF28A5FF3700B49FEF /* Preview Assets.xcassets in Resources */,
				D0E4F4EB28A5FF3700B49FEF /* Assets.xcassets in Resources */,
			);
			runOnlyForDeploymentPostprocessing = 0;
		};
/* End PBXResourcesBuildPhase section */

/* Begin PBXSourcesBuildPhase section */
		D0E4F4DF28A5FF3600B49FEF /* Sources */ = {
			isa = PBXSourcesBuildPhase;
			buildActionMask = 2147483647;
			files = (
				D0E4F4E928A5FF3600B49FEF /* ContentView.swift in Sources */,
				D0E4F4E728A5FF3600B49FEF /* Animated_TabsApp.swift in Sources */,
			);
			runOnlyForDeploymentPostprocessing = 0;
		};
/* End PBXSourcesBuildPhase section */

/* Begin XCBuildConfiguration section */
		D0E4F4F028A5FF3700B49FEF /* Debug */ = {
			isa = XCBuildConfiguration;
			buildSettings = {
				ALWAYS_SEARCH_USER_PATHS = NO;
				CLANG_ANALYZER_NONNULL = YES;
				CLANG_ANALYZER_NUMBER_OBJECT_CONVERSION = YES_AGGRESSIVE;
				CLANG_CXX_LANGUAGE_STANDARD = "gnu++20";
				CLANG_ENABLE_MODULES = YES;
				CLANG_ENABLE_OBJC_ARC = YES;
				CLANG_ENABLE_OBJC_WEAK = YES;
				CLANG_WARN_BLOCK_CAPTURE_AUTORELEASING = YES;
				CLANG_WARN_BOOL_CONVERSION = YES;
				CLANG_WARN_COMMA = YES;
				CLANG_WARN_CONSTANT_CONVERSION = YES;
				CLANG_WARN_DEPRECATED_OBJC_IMPLEMENTATIONS = YES;
				CLANG_WARN_DIRECT_OBJC_ISA_USAGE = YES_ERROR;
				CLANG_WARN_DOCUMENTATION_COMMENTS = YES;
				CLANG_WARN_EMPTY_BODY = YES;
				CLANG_WARN_ENUM_CONVERSION = YES;
				CLANG_WARN_INFINITE_RECURSION = YES;
				CLANG_WARN_INT_CONVERSION = YES;
				CLANG_WARN_NON_LITERAL_NULL_CONVERSION = YES;
				CLANG_WARN_OBJC_IMPLICIT_RETAIN_SELF = YES;
				CLANG_WARN_OBJC_LITERAL_CONVERSION = YES;
				CLANG_WARN_OBJC_ROOT_CLASS = YES_ERROR;
				CLANG_WARN_QUOTED_INCLUDE_IN_FRAMEWORK_HEADER = YES;
				CLANG_WARN_RANGE_LOOP_ANALYSIS = YES;
				CLANG_WARN_STRICT_PROTOTYPES = YES;
				CLANG_WARN_SUSPICIOUS_MOVE = YES;
				CLANG_WARN_UNGUARDED_AVAILABILITY = YES_AGGRESSIVE;
				CLANG_WARN_UNREACHABLE_CODE = YES;
				CLANG_WARN__DUPLICATE_METHOD_MATCH = YES;
				COPY_PHASE_STRIP = NO;
				DEBUG_INFORMATION_FORMAT = dwarf;
				ENABLE_STRICT_OBJC_MSGSEND = YES;
				ENABLE_TESTABILITY = YES;
				GCC_C_LANGUAGE_STANDARD = gnu11;
				GCC_DYNAMIC_NO_PIC = NO;
				GCC_NO_COMMON_BLOCKS = YES;
				GCC_OPTIMIZATION_LEVEL = 0;
				GCC_PREPROCESSOR_DEFINITIONS = (
					"DEBUG=1",
					"$(inherited)",
				);
				GCC_WARN_64_TO_32_BIT_CONVERSION = YES;
				GCC_WARN_ABOUT_RETURN_TYPE = YES_ERROR;
				GCC_WARN_UNDECLARED_SELECTOR = YES;
				GCC_WARN_UNINITIALIZED_AUTOS = YES_AGGRESSIVE;
				GCC_WARN_UNUSED_FUNCTION = YES;
				GCC_WARN_UNUSED_VARIABLE = YES;
				MTL_ENABLE_DEBUG_INFO = INCLUDE_SOURCE;
				MTL_FAST_MATH = YES;
				ONLY_ACTIVE_ARCH = YES;
				SWIFT_ACTIVE_COMPILATION_CONDITIONS = DEBUG;
				SWIFT_OPTIMIZATION_LEVEL = "-Onone";
			};
			name = Debug;
		};
		D0E4F4F128A5FF3700B49FEF /* Release */ = {
			isa = XCBuildConfiguration;
			buildSettings = {
				ALWAYS_SEARCH_USER_PATHS = NO;
				CLANG_ANALYZER_NONNULL = YES;
				CLANG_ANALYZER_NUMBER_OBJECT_CONVERSION = YES_AGGRESSIVE;
				CLANG_CXX_LANGUAGE_STANDARD = "gnu++20";
				CLANG_ENABLE_MODULES = YES;
				CLANG_ENABLE_OBJC_ARC = YES;
				CLANG_ENABLE_OBJC_WEAK = YES;
				CLANG_WARN_BLOCK_CAPTURE_AUTORELEASING = YES;
				CLANG_WARN_BOOL_CONVERSION = YES;
				CLANG_WARN_COMMA = YES;
				CLANG_WARN_CONSTANT_CONVERSION = YES;
				CLANG_WARN_DEPRECATED_OBJC_IMPLEMENTATIONS = YES;
				CLANG_WARN_DIRECT_OBJC_ISA_USAGE = YES_ERROR;
				CLANG_WARN_DOCUMENTATION_COMMENTS = YES;
				CLANG_WARN_EMPTY_BODY = YES;
				CLANG_WARN_ENUM_CONVERSION = YES;
				CLANG_WARN_INFINITE_RECURSION = YES;
				CLANG_WARN_INT_CONVERSION = YES;
				CLANG_WARN_NON_LITERAL_NULL_CONVERSION = YES;
				CLANG_WARN_OBJC_IMPLICIT_RETAIN_SELF = YES;
				CLANG_WARN_OBJC_LITERAL_CONVERSION = YES;
				CLANG_WARN_OBJC_ROOT_CLASS = YES_ERROR;
				CLANG_WARN_QUOTED_INCLUDE_IN_FRAMEWORK_HEADER = YES;
				CLANG_WARN_RANGE_LOOP_ANALYSIS = YES;
				CLANG_WARN_STRICT_PROTOTYPES = YES;
				CLANG_WARN_SUSPICIOUS_MOVE = YES;
				CLANG_WARN_UNGUARDED_AVAILABILITY = YES_AGGRESSIVE;
				CLANG_WARN_UNREACHABLE_CODE = YES;
				CLANG_WARN__DUPLICATE_METHOD_MATCH = YES;
				COPY_PHASE_STRIP = NO;
				DEBUG_INFORMATION_FORMAT = "dwarf-with-dsym";
				ENABLE_NS_ASSERTIONS = NO;
				ENABLE_STRICT_OBJC_MSGSEND = YES;
				GCC_C_LANGUAGE_STANDARD = gnu11;
				GCC_NO_COMMON_BLOCKS = YES;
				GCC_WARN_64_TO_32_BIT_CONVERSION = YES;
				GCC_WARN_ABOUT_RETURN_TYPE = YES_ERROR;
				GCC_WARN_UNDECLARED_SELECTOR = YES;
				GCC_WARN_UNINITIALIZED_AUTOS = YES_AGGRESSIVE;
				GCC_WARN_UNUSED_FUNCTION = YES;
				GCC_WARN_UNUSED_VARIABLE = YES;
				MTL_ENABLE_DEBUG_INFO = NO;
				MTL_FAST_MATH = YES;
				SWIFT_COMPILATION_MODE = wholemodule;
				SWIFT_OPTIMIZATION_LEVEL = "-O";
			};
			name = Release;
		};
		D0E4F4F328A5FF3700B49FEF /* Debug */ = {
			isa = XCBuildConfiguration;
			buildSettings = {
				ASSETCATALOG_COMPILER_APPICON_NAME = AppIcon;
				ASSETCATALOG_COMPILER_GLOBAL_ACCENT_COLOR_NAME = AccentColor;
				CODE_SIGN_ENTITLEMENTS = "Animated Tabs/Animated_Tabs.entitlements";
				CODE_SIGN_STYLE = Automatic;
				CURRENT_PROJECT_VERSION = 1;
				DEVELOPMENT_ASSET_PATHS = "\"Animated Tabs/Preview Content\"";
				DEVELOPMENT_TEAM = T36TC3XHYJ;
				ENABLE_HARDENED_RUNTIME = YES;
				ENABLE_PREVIEWS = YES;
				GENERATE_INFOPLIST_FILE = YES;
				INFOPLIST_FILE = "Animated-Tabs-Info.plist";
				"INFOPLIST_KEY_UIApplicationSceneManifest_Generation[sdk=iphoneos*]" = YES;
				"INFOPLIST_KEY_UIApplicationSceneManifest_Generation[sdk=iphonesimulator*]" = YES;
				"INFOPLIST_KEY_UIApplicationSupportsIndirectInputEvents[sdk=iphoneos*]" = YES;
				"INFOPLIST_KEY_UIApplicationSupportsIndirectInputEvents[sdk=iphonesimulator*]" = YES;
				"INFOPLIST_KEY_UILaunchScreen_Generation[sdk=iphoneos*]" = YES;
				"INFOPLIST_KEY_UILaunchScreen_Generation[sdk=iphonesimulator*]" = YES;
				INFOPLIST_KEY_UISupportedInterfaceOrientations_iPad = "UIInterfaceOrientationPortrait UIInterfaceOrientationPortraitUpsideDown UIInterfaceOrientationLandscapeLeft UIInterfaceOrientationLandscapeRight";
				INFOPLIST_KEY_UISupportedInterfaceOrientations_iPhone = "UIInterfaceOrientationPortrait UIInterfaceOrientationLandscapeLeft UIInterfaceOrientationLandscapeRight";
				IPHONEOS_DEPLOYMENT_TARGET = 16.0;
				LD_RUNPATH_SEARCH_PATHS = "@executable_path/Frameworks";
				"LD_RUNPATH_SEARCH_PATHS[sdk=macosx*]" = "@executable_path/../Frameworks";
				MACOSX_DEPLOYMENT_TARGET = 13.0;
				MARKETING_VERSION = 1.0;
				PRODUCT_BUNDLE_IDENTIFIER = "com.Justin747.Animated-Tabs";
				PRODUCT_NAME = "$(TARGET_NAME)";
				SDKROOT = auto;
				SUPPORTED_PLATFORMS = "iphoneos iphonesimulator macosx";
				SWIFT_EMIT_LOC_STRINGS = YES;
				SWIFT_VERSION = 5.0;
				TARGETED_DEVICE_FAMILY = "1,2";
			};
			name = Debug;
		};
		D0E4F4F428A5FF3700B49FEF /* Release */ = {
			isa = XCBuildConfiguration;
			buildSettings = {
				ASSETCATALOG_COMPILER_APPICON_NAME = AppIcon;
				ASSETCATALOG_COMPILER_GLOBAL_ACCENT_COLOR_NAME = AccentColor;
				CODE_SIGN_ENTITLEMENTS = "Animated Tabs/Animated_Tabs.entitlements";
				CODE_SIGN_STYLE = Automatic;
				CURRENT_PROJECT_VERSION = 1;
				DEVELOPMENT_ASSET_PATHS = "\"Animated Tabs/Preview Content\"";
				DEVELOPMENT_TEAM = T36TC3XHYJ;
				ENABLE_HARDENED_RUNTIME = YES;
				ENABLE_PREVIEWS = YES;
				GENERATE_INFOPLIST_FILE = YES;
				INFOPLIST_FILE = "Animated-Tabs-Info.plist";
				"INFOPLIST_KEY_UIApplicationSceneManifest_Generation[sdk=iphoneos*]" = YES;
				"INFOPLIST_KEY_UIApplicationSceneManifest_Generation[sdk=iphonesimulator*]" = YES;
				"INFOPLIST_KEY_UIApplicationSupportsIndirectInputEvents[sdk=iphoneos*]" = YES;
				"INFOPLIST_KEY_UIApplicationSupportsIndirectInputEvents[sdk=iphonesimulator*]" = YES;
				"INFOPLIST_KEY_UILaunchScreen_Generation[sdk=iphoneos*]" = YES;
				"INFOPLIST_KEY_UILaunchScreen_Generation[sdk=iphonesimulator*]" = YES;
				INFOPLIST_KEY_UISupportedInterfaceOrientations_iPad = "UIInterfaceOrientationPortrait UIInterfaceOrientationPortraitUpsideDown UIInterfaceOrientationLandscapeLeft UIInterfaceOrientationLandscapeRight";
				INFOPLIST_KEY_UISupportedInterfaceOrientations_iPhone = "UIInterfaceOrientationPortrait UIInterfaceOrientationLandscapeLeft UIInterfaceOrientationLandscapeRight";
				IPHONEOS_DEPLOYMENT_TARGET = 16.0;
				LD_RUNPATH_SEARCH_PATHS = "@executable_path/Frameworks";
				"LD_RUNPATH_SEARCH_PATHS[sdk=macosx*]" = "@executable_path/../Frameworks";
				MACOSX_DEPLOYMENT_TARGET = 13.0;
				MARKETING_VERSION = 1.0;
				PRODUCT_BUNDLE_IDENTIFIER = "com.Justin747.Animated-Tabs";
				PRODUCT_NAME = "$(TARGET_NAME)";
				SDKROOT = auto;
				SUPPORTED_PLATFORMS = "iphoneos iphonesimulator macosx";
				SWIFT_EMIT_LOC_STRINGS = YES;
				SWIFT_VERSION = 5.0;
				TARGETED_DEVICE_FAMILY = "1,2";
			};
			name = Release;
		};
/* End XCBuildConfiguration section */

/* Begin XCConfigurationList section */
		D0E4F4DE28A5FF3600B49FEF /* Build configuration list for PBXProject "Animated Tabs" */ = {
			isa = XCConfigurationList;
			buildConfigurations = (
				D0E4F4F028A5FF3700B49FEF /* Debug */,
				D0E4F4F128A5FF3700B49FEF /* Release */,
			);
			defaultConfigurationIsVisible = 0;
			defaultConfigurationName = Release;
		};
		D0E4F4F228A5FF3700B49FEF /* Build configuration list for PBXNativeTarget "Animated Tabs" */ = {
			isa = XCConfigurationList;
			buildConfigurations = (
				D0E4F4F328A5FF3700B49FEF /* Debug */,
				D0E4F4F428A5FF3700B49FEF /* Release */,
			);
			defaultConfigurationIsVisible = 0;
			defaultConfigurationName = Release;
		};
/* End XCConfigurationList section */

/* Begin XCRemoteSwiftPackageReference section */
		D0E4F4F628A69F3600B49FEF /* XCRemoteSwiftPackageReference "lottie-ios" */ = {
			isa = XCRemoteSwiftPackageReference;
			repositoryURL = "https://github.com/airbnb/lottie-ios";
			requirement = {
				kind = upToNextMajorVersion;
				minimumVersion = 3.0.0;
			};
		};
/* End XCRemoteSwiftPackageReference section */

/* Begin XCSwiftPackageProductDependency section */
		D0E4F4F728A69F3600B49FEF /* Lottie */ = {
			isa = XCSwiftPackageProductDependency;
			package = D0E4F4F628A69F3600B49FEF /* XCRemoteSwiftPackageReference "lottie-ios" */;
			productName = Lottie;
		};
/* End XCSwiftPackageProductDependency section */
	};
	rootObject = D0E4F4DB28A5FF3600B49FEF /* Project object */;
}
